<Solution>
  <Project Path="Fusion.Unity.Editor.csproj" />
  <Project Path="Fusion.Unity.csproj" />
  <Project Path="Photon.Realtime.csproj" />
  <Project Path="Assembly-CSharp.csproj" />
  <Project Path="Assembly-CSharp-Editor.csproj" />
  <Project Path="Unity.Fusion.CodeGen.csproj" />
</Solution>
